
Microsoft Visual Studio Solution File, Format Version 12.00
# Visual Studio Version 17
VisualStudioVersion = 17.10.34928.147
MinimumVisualStudioVersion = 10.0.40219.1
Project("{FAE04EC0-301F-11D3-BF4B-00C04F79EFBC}") = "Project_App", "Project_App.csproj", "{5F29699A-CB03-415E-8DE7-01CB26D55B2F}"
EndProject
Global
	GlobalSection(SolutionConfigurationPlatforms) = preSolution
		Debug|Any CPU = Debug|Any CPU
		Release|Any CPU = Release|Any CPU
	EndGlobalSection
	GlobalSection(ProjectConfigurationPlatforms) = postSolution
		{5F29699A-CB03-415E-8DE7-01CB26D55B2F}.Debug|Any CPU.ActiveCfg = Debug|Any CPU
		{5F29699A-CB03-415E-8DE7-01CB26D55B2F}.Debug|Any CPU.Build.0 = Debug|Any CPU
		{5F29699A-CB03-415E-8DE7-01CB26D55B2F}.Release|Any CPU.ActiveCfg = Release|Any CPU
		{5F29699A-CB03-415E-8DE7-01CB26D55B2F}.Release|Any CPU.Build.0 = Release|Any CPU
	EndGlobalSection
	GlobalSection(SolutionProperties) = preSolution
		HideSolutionNode = FALSE
	EndGlobalSection
	GlobalSection(ExtensibilityGlobals) = postSolution
		SolutionGuid = {E25E3DC3-A1ED-4B39-9936-5ABD06A78152}
	EndGlobalSection
EndGlobal
